
Microsoft Visual Studio Solution File, Format Version 12.00
# Visual Studio Version 17
VisualStudioVersion = 17.2.32616.157
MinimumVisualStudioVersion = 10.0.40219.1
Project("{9A19103F-16F7-4668-BE54-9A1E7A4F7556}") = "creacion de usuario", "creacion de usuario.csproj", "{12BFF68F-79D0-4E8A-A0A6-508DCCDB5B31}"
EndProject
Project("{FAE04EC0-301F-11D3-BF4B-00C04F79EFBC}") = "creacion_nuevo_usuario_parte2", "..\creacion_nuevo_usuario_parte2\creacion_nuevo_usuario_parte2.csproj", "{FA61C944-EB90-4CBB-A0E9-1D021AED8F6C}"
EndProject
Global
	GlobalSection(SolutionConfigurationPlatforms) = preSolution
		Debug|Any CPU = Debug|Any CPU
		Release|Any CPU = Release|Any CPU
	EndGlobalSection
	GlobalSection(ProjectConfigurationPlatforms) = postSolution
		{12BFF68F-79D0-4E8A-A0A6-508DCCDB5B31}.Debug|Any CPU.ActiveCfg = Debug|Any CPU
		{12BFF68F-79D0-4E8A-A0A6-508DCCDB5B31}.Debug|Any CPU.Build.0 = Debug|Any CPU
		{12BFF68F-79D0-4E8A-A0A6-508DCCDB5B31}.Release|Any CPU.ActiveCfg = Release|Any CPU
		{12BFF68F-79D0-4E8A-A0A6-508DCCDB5B31}.Release|Any CPU.Build.0 = Release|Any CPU
		{FA61C944-EB90-4CBB-A0E9-1D021AED8F6C}.Debug|Any CPU.ActiveCfg = Debug|Any CPU
		{FA61C944-EB90-4CBB-A0E9-1D021AED8F6C}.Debug|Any CPU.Build.0 = Debug|Any CPU
		{FA61C944-EB90-4CBB-A0E9-1D021AED8F6C}.Release|Any CPU.ActiveCfg = Release|Any CPU
		{FA61C944-EB90-4CBB-A0E9-1D021AED8F6C}.Release|Any CPU.Build.0 = Release|Any CPU
	EndGlobalSection
	GlobalSection(SolutionProperties) = preSolution
		HideSolutionNode = FALSE
	EndGlobalSection
	GlobalSection(ExtensibilityGlobals) = postSolution
		SolutionGuid = {91AA1219-EFE4-494C-86DB-5887D00ED4DE}
	EndGlobalSection
EndGlobal
