
Microsoft Visual Studio Solution File, Format Version 12.00
# Visual Studio Version 17
VisualStudioVersion = 17.2.32616.157
MinimumVisualStudioVersion = 10.0.40219.1
Project("{FAE04EC0-301F-11D3-BF4B-00C04F79EFBC}") = "ProyectoDesdeUno", "ProyectoDesdeUno.csproj", "{C71B2551-AB49-4694-97D3-D12A3EC15C23}"
EndProject
Global
	GlobalSection(SolutionConfigurationPlatforms) = preSolution
		Debug|Any CPU = Debug|Any CPU
		Release|Any CPU = Release|Any CPU
	EndGlobalSection
	GlobalSection(ProjectConfigurationPlatforms) = postSolution
		{C71B2551-AB49-4694-97D3-D12A3EC15C23}.Debug|Any CPU.ActiveCfg = Debug|Any CPU
		{C71B2551-AB49-4694-97D3-D12A3EC15C23}.Debug|Any CPU.Build.0 = Debug|Any CPU
		{C71B2551-AB49-4694-97D3-D12A3EC15C23}.Release|Any CPU.ActiveCfg = Release|Any CPU
		{C71B2551-AB49-4694-97D3-D12A3EC15C23}.Release|Any CPU.Build.0 = Release|Any CPU
	EndGlobalSection
	GlobalSection(SolutionProperties) = preSolution
		HideSolutionNode = FALSE
	EndGlobalSection
	GlobalSection(ExtensibilityGlobals) = postSolution
		SolutionGuid = {517ECD7D-FF5E-41EF-BD0B-67C118A2E864}
	EndGlobalSection
EndGlobal
