
Microsoft Visual Studio Solution File, Format Version 12.00
# Visual Studio Version 17
VisualStudioVersion = 17.2.32616.157
MinimumVisualStudioVersion = 10.0.40219.1
Project("{FAE04EC0-301F-11D3-BF4B-00C04F79EFBC}") = "WinFormsApp1", "WinFormsApp1.csproj", "{98D6177E-9957-48FF-A824-D01BF1FD7C28}"
EndProject
Global
	GlobalSection(SolutionConfigurationPlatforms) = preSolution
		Debug|Any CPU = Debug|Any CPU
		Release|Any CPU = Release|Any CPU
	EndGlobalSection
	GlobalSection(ProjectConfigurationPlatforms) = postSolution
		{98D6177E-9957-48FF-A824-D01BF1FD7C28}.Debug|Any CPU.ActiveCfg = Debug|Any CPU
		{98D6177E-9957-48FF-A824-D01BF1FD7C28}.Debug|Any CPU.Build.0 = Debug|Any CPU
		{98D6177E-9957-48FF-A824-D01BF1FD7C28}.Release|Any CPU.ActiveCfg = Release|Any CPU
		{98D6177E-9957-48FF-A824-D01BF1FD7C28}.Release|Any CPU.Build.0 = Release|Any CPU
	EndGlobalSection
	GlobalSection(SolutionProperties) = preSolution
		HideSolutionNode = FALSE
	EndGlobalSection
	GlobalSection(ExtensibilityGlobals) = postSolution
		SolutionGuid = {20E51262-D1EC-4EBB-8A44-F719B4804AB4}
	EndGlobalSection
EndGlobal
