
Microsoft Visual Studio Solution File, Format Version 12.00
# Visual Studio Version 17
VisualStudioVersion = 17.2.32616.157
MinimumVisualStudioVersion = 10.0.40219.1
Project("{FAE04EC0-301F-11D3-BF4B-00C04F79EFBC}") = "SistemaGestionUI", "SistemaGestionUI.csproj", "{3CD09465-6965-4EEB-8CCD-8D9DE1D08A97}"
EndProject
Global
	GlobalSection(SolutionConfigurationPlatforms) = preSolution
		Debug|Any CPU = Debug|Any CPU
		Release|Any CPU = Release|Any CPU
	EndGlobalSection
	GlobalSection(ProjectConfigurationPlatforms) = postSolution
		{3CD09465-6965-4EEB-8CCD-8D9DE1D08A97}.Debug|Any CPU.ActiveCfg = Debug|Any CPU
		{3CD09465-6965-4EEB-8CCD-8D9DE1D08A97}.Debug|Any CPU.Build.0 = Debug|Any CPU
		{3CD09465-6965-4EEB-8CCD-8D9DE1D08A97}.Release|Any CPU.ActiveCfg = Release|Any CPU
		{3CD09465-6965-4EEB-8CCD-8D9DE1D08A97}.Release|Any CPU.Build.0 = Release|Any CPU
	EndGlobalSection
	GlobalSection(SolutionProperties) = preSolution
		HideSolutionNode = FALSE
	EndGlobalSection
	GlobalSection(ExtensibilityGlobals) = postSolution
		SolutionGuid = {ACC380D1-573E-4B0F-AE2E-2E7A0281E78E}
	EndGlobalSection
EndGlobal
